// !$*UTF8*$!
{
	archiveVersion = 1;
	classes = {
	};
	objectVersion = 77;
	objects = {

/* Begin PBXContainerItemProxy section */
		FAD7E80E2D53644000BE00A8 /* PBXContainerItemProxy */ = {
			isa = PBXContainerItemProxy;
			containerPortal = FAD7E7F52D53643D00BE00A8 /* Project object */;
			proxyType = 1;
			remoteGlobalIDString = FAD7E7FC2D53643D00BE00A8;
			remoteInfo = InfosysTask;
		};
		FAD7E8182D53644000BE00A8 /* PBXContainerItemProxy */ = {
			isa = PBXContainerItemProxy;
			containerPortal = FAD7E7F52D53643D00BE00A8 /* Project object */;
			proxyType = 1;
			remoteGlobalIDString = FAD7E7FC2D53643D00BE00A8;
			remoteInfo = InfosysTask;
		};
/* End PBXContainerItemProxy section */

/* Begin PBXFileReference section */
		FAD7E7FD2D53643D00BE00A8 /* InfosysTask.app */ = {isa = PBXFileReference; explicitFileType = wrapper.application; includeInIndex = 0; path = InfosysTask.app; sourceTree = BUILT_PRODUCTS_DIR; };
		FAD7E80D2D53644000BE00A8 /* InfosysTaskTests.xctest */ = {isa = PBXFileReference; explicitFileType = wrapper.cfbundle; includeInIndex = 0; path = InfosysTaskTests.xctest; sourceTree = BUILT_PRODUCTS_DIR; };
		FAD7E8172D53644000BE00A8 /* InfosysTaskUITests.xctest */ = {isa = PBXFileReference; explicitFileType = wrapper.cfbundle; includeInIndex = 0; path = InfosysTaskUITests.xctest; sourceTree = BUILT_PRODUCTS_DIR; };
/* End PBXFileReference section */

/* Begin PBXFileSystemSynchronizedRootGroup section */
		FAD7E8102D53644000BE00A8 /* InfosysTaskTests */ = {
			isa = PBXFileSystemSynchronizedRootGroup;
			path = InfosysTaskTests;
			sourceTree = "<group>";
		};
		FAD7E81A2D53644000BE00A8 /* InfosysTaskUITests */ = {
			isa = PBXFileSystemSynchronizedRootGroup;
			path = InfosysTaskUITests;
			sourceTree = "<group>";
		};
		FAD7E8822D53649F00BE00A8 /* InfosysTask */ = {
			isa = PBXFileSystemSynchronizedRootGroup;
			path = InfosysTask;
			sourceTree = "<group>";
		};
/* End PBXFileSystemSynchronizedRootGroup section */

/* Begin PBXFrameworksBuildPhase section */
		FAD7E7FA2D53643D00BE00A8 /* Frameworks */ = {
			isa = PBXFrameworksBuildPhase;
			buildActionMask = 2147483647;
			files = (
			);
			runOnlyForDeploymentPostprocessing = 0;
		};
		FAD7E80A2D53644000BE00A8 /* Frameworks */ = {
			isa = PBXFrameworksBuildPhase;
			buildActionMask = 2147483647;
			files = (
			);
			runOnlyForDeploymentPostprocessing = 0;
		};
		FAD7E8142D53644000BE00A8 /* Frameworks */ = {
			isa = PBXFrameworksBuildPhase;
			buildActionMask = 2147483647;
			files = (
			);
			runOnlyForDeploymentPostprocessing = 0;
		};
/* End PBXFrameworksBuildPhase section */

/* Begin PBXGroup section */
		FAD7E7F42D53643D00BE00A8 = {
			isa = PBXGroup;
			children = (
				FAD7E8822D53649F00BE00A8 /* InfosysTask */,
				FAD7E8102D53644000BE00A8 /* InfosysTaskTests */,
				FAD7E81A2D53644000BE00A8 /* InfosysTaskUITests */,
				FAD7E7FE2D53643D00BE00A8 /* Products */,
			);
			sourceTree = "<group>";
		};
		FAD7E7FE2D53643D00BE00A8 /* Products */ = {
			isa = PBXGroup;
			children = (
				FAD7E7FD2D53643D00BE00A8 /* InfosysTask.app */,
				FAD7E80D2D53644000BE00A8 /* InfosysTaskTests.xctest */,
				FAD7E8172D53644000BE00A8 /* InfosysTaskUITests.xctest */,
			);
			name = Products;
			sourceTree = "<group>";
		};
/* End PBXGroup section */

/* Begin PBXNativeTarget section */
		FAD7E7FC2D53643D00BE00A8 /* InfosysTask */ = {
			isa = PBXNativeTarget;
			buildConfigurationList = FAD7E8212D53644000BE00A8 /* Build configuration list for PBXNativeTarget "InfosysTask" */;
			buildPhases = (
				FAD7E7F92D53643D00BE00A8 /* Sources */,
				FAD7E7FA2D53643D00BE00A8 /* Frameworks */,
				FAD7E7FB2D53643D00BE00A8 /* Resources */,
			);
			buildRules = (
			);
			dependencies = (
			);
			fileSystemSynchronizedGroups = (
				FAD7E8822D53649F00BE00A8 /* InfosysTask */,
			);
			name = InfosysTask;
			packageProductDependencies = (
			);
			productName = InfosysTask;
			productReference = FAD7E7FD2D53643D00BE00A8 /* InfosysTask.app */;
			productType = "com.apple.product-type.application";
		};
		FAD7E80C2D53644000BE00A8 /* InfosysTaskTests */ = {
			isa = PBXNativeTarget;
			buildConfigurationList = FAD7E8242D53644000BE00A8 /* Build configuration list for PBXNativeTarget "InfosysTaskTests" */;
			buildPhases = (
				FAD7E8092D53644000BE00A8 /* Sources */,
				FAD7E80A2D53644000BE00A8 /* Frameworks */,
				FAD7E80B2D53644000BE00A8 /* Resources */,
			);
			buildRules = (
			);
			dependencies = (
				FAD7E80F2D53644000BE00A8 /* PBXTargetDependency */,
			);
			fileSystemSynchronizedGroups = (
				FAD7E8102D53644000BE00A8 /* InfosysTaskTests */,
			);
			name = InfosysTaskTests;
			packageProductDependencies = (
			);
			productName = InfosysTaskTests;
			productReference = FAD7E80D2D53644000BE00A8 /* InfosysTaskTests.xctest */;
			productType = "com.apple.product-type.bundle.unit-test";
		};
		FAD7E8162D53644000BE00A8 /* InfosysTaskUITests */ = {
			isa = PBXNativeTarget;
			buildConfigurationList = FAD7E8272D53644000BE00A8 /* Build configuration list for PBXNativeTarget "InfosysTaskUITests" */;
			buildPhases = (
				FAD7E8132D53644000BE00A8 /* Sources */,
				FAD7E8142D53644000BE00A8 /* Frameworks */,
				FAD7E8152D53644000BE00A8 /* Resources */,
			);
			buildRules = (
			);
			dependencies = (
				FAD7E8192D53644000BE00A8 /* PBXTargetDependency */,
			);
			fileSystemSynchronizedGroups = (
				FAD7E81A2D53644000BE00A8 /* InfosysTaskUITests */,
			);
			name = InfosysTaskUITests;
			packageProductDependencies = (
			);
			productName = InfosysTaskUITests;
			productReference = FAD7E8172D53644000BE00A8 /* InfosysTaskUITests.xctest */;
			productType = "com.apple.product-type.bundle.ui-testing";
		};
/* End PBXNativeTarget section */

/* Begin PBXProject section */
		FAD7E7F52D53643D00BE00A8 /* Project object */ = {
			isa = PBXProject;
			attributes = {
				BuildIndependentTargetsInParallel = 1;
				LastSwiftUpdateCheck = 1610;
				LastUpgradeCheck = 1610;
				TargetAttributes = {
					FAD7E7FC2D53643D00BE00A8 = {
						CreatedOnToolsVersion = 16.1;
					};
					FAD7E80C2D53644000BE00A8 = {
						CreatedOnToolsVersion = 16.1;
						TestTargetID = FAD7E7FC2D53643D00BE00A8;
					};
					FAD7E8162D53644000BE00A8 = {
						CreatedOnToolsVersion = 16.1;
						TestTargetID = FAD7E7FC2D53643D00BE00A8;
					};
				};
			};
			buildConfigurationList = FAD7E7F82D53643D00BE00A8 /* Build configuration list for PBXProject "InfosysTask" */;
			developmentRegion = en;
			hasScannedForEncodings = 0;
			knownRegions = (
				en,
				Base,
			);
			mainGroup = FAD7E7F42D53643D00BE00A8;
			minimizedProjectReferenceProxies = 1;
			preferredProjectObjectVersion = 77;
			productRefGroup = FAD7E7FE2D53643D00BE00A8 /* Products */;
			projectDirPath = "";
			projectRoot = "";
			targets = (
				FAD7E7FC2D53643D00BE00A8 /* InfosysTask */,
				FAD7E80C2D53644000BE00A8 /* InfosysTaskTests */,
				FAD7E8162D53644000BE00A8 /* InfosysTaskUITests */,
			);
		};
/* End PBXProject section */

/* Begin PBXResourcesBuildPhase section */
		FAD7E7FB2D53643D00BE00A8 /* Resources */ = {
			isa = PBXResourcesBuildPhase;
			buildActionMask = 2147483647;
			files = (
			);
			runOnlyForDeploymentPostprocessing = 0;
		};
		FAD7E80B2D53644000BE00A8 /* Resources */ = {
			isa = PBXResourcesBuildPhase;
			buildActionMask = 2147483647;
			files = (
			);
			runOnlyForDeploymentPostprocessing = 0;
		};
		FAD7E8152D53644000BE00A8 /* Resources */ = {
			isa = PBXResourcesBuildPhase;
			buildActionMask = 2147483647;
			files = (
			);
			runOnlyForDeploymentPostprocessing = 0;
		};
/* End PBXResourcesBuildPhase section */

/* Begin PBXSourcesBuildPhase section */
		FAD7E7F92D53643D00BE00A8 /* Sources */ = {
			isa = PBXSourcesBuildPhase;
			buildActionMask = 2147483647;
			files = (
			);
			runOnlyForDeploymentPostprocessing = 0;
		};
		FAD7E8092D53644000BE00A8 /* Sources */ = {
			isa = PBXSourcesBuildPhase;
			buildActionMask = 2147483647;
			files = (
			);
			runOnlyForDeploymentPostprocessing = 0;
		};
		FAD7E8132D53644000BE00A8 /* Sources */ = {
			isa = PBXSourcesBuildPhase;
			buildActionMask = 2147483647;
			files = (
			);
			runOnlyForDeploymentPostprocessing = 0;
		};
/* End PBXSourcesBuildPhase section */

/* Begin PBXTargetDependency section */
		FAD7E80F2D53644000BE00A8 /* PBXTargetDependency */ = {
			isa = PBXTargetDependency;
			target = FAD7E7FC2D53643D00BE00A8 /* InfosysTask */;
			targetProxy = FAD7E80E2D53644000BE00A8 /* PBXContainerItemProxy */;
		};
		FAD7E8192D53644000BE00A8 /* PBXTargetDependency */ = {
			isa = PBXTargetDependency;
			target = FAD7E7FC2D53643D00BE00A8 /* InfosysTask */;
			targetProxy = FAD7E8182D53644000BE00A8 /* PBXContainerItemProxy */;
		};
/* End PBXTargetDependency section */

/* Begin XCBuildConfiguration section */
		FAD7E81F2D53644000BE00A8 /* Debug */ = {
			isa = XCBuildConfiguration;
			buildSettings = {
				ALWAYS_SEARCH_USER_PATHS = NO;
				ASSETCATALOG_COMPILER_GENERATE_SWIFT_ASSET_SYMBOL_EXTENSIONS = YES;
				CLANG_ANALYZER_NONNULL = YES;
				CLANG_ANALYZER_NUMBER_OBJECT_CONVERSION = YES_AGGRESSIVE;
				CLANG_CXX_LANGUAGE_STANDARD = "gnu++20";
				CLANG_ENABLE_MODULES = YES;
				CLANG_ENABLE_OBJC_ARC = YES;
				CLANG_ENABLE_OBJC_WEAK = YES;
				CLANG_WARN_BLOCK_CAPTURE_AUTORELEASING = YES;
				CLANG_WARN_BOOL_CONVERSION = YES;
				CLANG_WARN_COMMA = YES;
				CLANG_WARN_CONSTANT_CONVERSION = YES;
				CLANG_WARN_DEPRECATED_OBJC_IMPLEMENTATIONS = YES;
				CLANG_WARN_DIRECT_OBJC_ISA_USAGE = YES_ERROR;
				CLANG_WARN_DOCUMENTATION_COMMENTS = YES;
				CLANG_WARN_EMPTY_BODY = YES;
				CLANG_WARN_ENUM_CONVERSION = YES;
				CLANG_WARN_INFINITE_RECURSION = YES;
				CLANG_WARN_INT_CONVERSION = YES;
				CLANG_WARN_NON_LITERAL_NULL_CONVERSION = YES;
				CLANG_WARN_OBJC_IMPLICIT_RETAIN_SELF = YES;
				CLANG_WARN_OBJC_LITERAL_CONVERSION = YES;
				CLANG_WARN_OBJC_ROOT_CLASS = YES_ERROR;
				CLANG_WARN_QUOTED_INCLUDE_IN_FRAMEWORK_HEADER = YES;
				CLANG_WARN_RANGE_LOOP_ANALYSIS = YES;
				CLANG_WARN_STRICT_PROTOTYPES = YES;
				CLANG_WARN_SUSPICIOUS_MOVE = YES;
				CLANG_WARN_UNGUARDED_AVAILABILITY = YES_AGGRESSIVE;
				CLANG_WARN_UNREACHABLE_CODE = YES;
				CLANG_WARN__DUPLICATE_METHOD_MATCH = YES;
				COPY_PHASE_STRIP = NO;
				DEBUG_INFORMATION_FORMAT = dwarf;
				ENABLE_STRICT_OBJC_MSGSEND = YES;
				ENABLE_TESTABILITY = YES;
				ENABLE_USER_SCRIPT_SANDBOXING = YES;
				GCC_C_LANGUAGE_STANDARD = gnu17;
				GCC_DYNAMIC_NO_PIC = NO;
				GCC_NO_COMMON_BLOCKS = YES;
				GCC_OPTIMIZATION_LEVEL = 0;
				GCC_PREPROCESSOR_DEFINITIONS = (
					"DEBUG=1",
					"$(inherited)",
				);
				GCC_WARN_64_TO_32_BIT_CONVERSION = YES;
				GCC_WARN_ABOUT_RETURN_TYPE = YES_ERROR;
				GCC_WARN_UNDECLARED_SELECTOR = YES;
				GCC_WARN_UNINITIALIZED_AUTOS = YES_AGGRESSIVE;
				GCC_WARN_UNUSED_FUNCTION = YES;
				GCC_WARN_UNUSED_VARIABLE = YES;
				IPHONEOS_DEPLOYMENT_TARGET = 18.1;
				LOCALIZATION_PREFERS_STRING_CATALOGS = YES;
				MTL_ENABLE_DEBUG_INFO = INCLUDE_SOURCE;
				MTL_FAST_MATH = YES;
				ONLY_ACTIVE_ARCH = YES;
				SDKROOT = iphoneos;
				SWIFT_ACTIVE_COMPILATION_CONDITIONS = "DEBUG $(inherited)";
				SWIFT_OPTIMIZATION_LEVEL = "-Onone";
			};
			name = Debug;
		};
		FAD7E8202D53644000BE00A8 /* Release */ = {
			isa = XCBuildConfiguration;
			buildSettings = {
				ALWAYS_SEARCH_USER_PATHS = NO;
				ASSETCATALOG_COMPILER_GENERATE_SWIFT_ASSET_SYMBOL_EXTENSIONS = YES;
				CLANG_ANALYZER_NONNULL = YES;
				CLANG_ANALYZER_NUMBER_OBJECT_CONVERSION = YES_AGGRESSIVE;
				CLANG_CXX_LANGUAGE_STANDARD = "gnu++20";
				CLANG_ENABLE_MODULES = YES;
				CLANG_ENABLE_OBJC_ARC = YES;
				CLANG_ENABLE_OBJC_WEAK = YES;
				CLANG_WARN_BLOCK_CAPTURE_AUTORELEASING = YES;
				CLANG_WARN_BOOL_CONVERSION = YES;
				CLANG_WARN_COMMA = YES;
				CLANG_WARN_CONSTANT_CONVERSION = YES;
				CLANG_WARN_DEPRECATED_OBJC_IMPLEMENTATIONS = YES;
				CLANG_WARN_DIRECT_OBJC_ISA_USAGE = YES_ERROR;
				CLANG_WARN_DOCUMENTATION_COMMENTS = YES;
				CLANG_WARN_EMPTY_BODY = YES;
				CLANG_WARN_ENUM_CONVERSION = YES;
				CLANG_WARN_INFINITE_RECURSION = YES;
				CLANG_WARN_INT_CONVERSION = YES;
				CLANG_WARN_NON_LITERAL_NULL_CONVERSION = YES;
				CLANG_WARN_OBJC_IMPLICIT_RETAIN_SELF = YES;
				CLANG_WARN_OBJC_LITERAL_CONVERSION = YES;
				CLANG_WARN_OBJC_ROOT_CLASS = YES_ERROR;
				CLANG_WARN_QUOTED_INCLUDE_IN_FRAMEWORK_HEADER = YES;
				CLANG_WARN_RANGE_LOOP_ANALYSIS = YES;
				CLANG_WARN_STRICT_PROTOTYPES = YES;
				CLANG_WARN_SUSPICIOUS_MOVE = YES;
				CLANG_WARN_UNGUARDED_AVAILABILITY = YES_AGGRESSIVE;
				CLANG_WARN_UNREACHABLE_CODE = YES;
				CLANG_WARN__DUPLICATE_METHOD_MATCH = YES;
				COPY_PHASE_STRIP = NO;
				DEBUG_INFORMATION_FORMAT = "dwarf-with-dsym";
				ENABLE_NS_ASSERTIONS = NO;
				ENABLE_STRICT_OBJC_MSGSEND = YES;
				ENABLE_USER_SCRIPT_SANDBOXING = YES;
				GCC_C_LANGUAGE_STANDARD = gnu17;
				GCC_NO_COMMON_BLOCKS = YES;
				GCC_WARN_64_TO_32_BIT_CONVERSION = YES;
				GCC_WARN_ABOUT_RETURN_TYPE = YES_ERROR;
				GCC_WARN_UNDECLARED_SELECTOR = YES;
				GCC_WARN_UNINITIALIZED_AUTOS = YES_AGGRESSIVE;
				GCC_WARN_UNUSED_FUNCTION = YES;
				GCC_WARN_UNUSED_VARIABLE = YES;
				IPHONEOS_DEPLOYMENT_TARGET = 18.1;
				LOCALIZATION_PREFERS_STRING_CATALOGS = YES;
				MTL_ENABLE_DEBUG_INFO = NO;
				MTL_FAST_MATH = YES;
				SDKROOT = iphoneos;
				SWIFT_COMPILATION_MODE = wholemodule;
				VALIDATE_PRODUCT = YES;
			};
			name = Release;
		};
		FAD7E8222D53644000BE00A8 /* Debug */ = {
			isa = XCBuildConfiguration;
			buildSettings = {
				ASSETCATALOG_COMPILER_APPICON_NAME = AppIcon;
				ASSETCATALOG_COMPILER_GLOBAL_ACCENT_COLOR_NAME = AccentColor;
				CODE_SIGN_STYLE = Automatic;
				CURRENT_PROJECT_VERSION = 1;
				DEVELOPMENT_ASSET_PATHS = "\"InfosysTask/Preview Content\"";
				ENABLE_PREVIEWS = YES;
				GENERATE_INFOPLIST_FILE = YES;
				INFOPLIST_KEY_UIApplicationSceneManifest_Generation = YES;
				INFOPLIST_KEY_UIApplicationSupportsIndirectInputEvents = YES;
				INFOPLIST_KEY_UILaunchScreen_Generation = YES;
				INFOPLIST_KEY_UISupportedInterfaceOrientations_iPad = "UIInterfaceOrientationPortrait UIInterfaceOrientationPortraitUpsideDown UIInterfaceOrientationLandscapeLeft UIInterfaceOrientationLandscapeRight";
				INFOPLIST_KEY_UISupportedInterfaceOrientations_iPhone = "UIInterfaceOrientationPortrait UIInterfaceOrientationLandscapeLeft UIInterfaceOrientationLandscapeRight";
				LD_RUNPATH_SEARCH_PATHS = (
					"$(inherited)",
					"@executable_path/Frameworks",
				);
				MARKETING_VERSION = 1.0;
				PRODUCT_BUNDLE_IDENTIFIER = com.shendkar.InfosysTask;
				PRODUCT_NAME = "$(TARGET_NAME)";
				SWIFT_EMIT_LOC_STRINGS = YES;
				SWIFT_VERSION = 5.0;
				TARGETED_DEVICE_FAMILY = "1,2";
			};
			name = Debug;
		};
		FAD7E8232D53644000BE00A8 /* Release */ = {
			isa = XCBuildConfiguration;
			buildSettings = {
				ASSETCATALOG_COMPILER_APPICON_NAME = AppIcon;
				ASSETCATALOG_COMPILER_GLOBAL_ACCENT_COLOR_NAME = AccentColor;
				CODE_SIGN_STYLE = Automatic;
				CURRENT_PROJECT_VERSION = 1;
				DEVELOPMENT_ASSET_PATHS = "\"InfosysTask/Preview Content\"";
				ENABLE_PREVIEWS = YES;
				GENERATE_INFOPLIST_FILE = YES;
				INFOPLIST_KEY_UIApplicationSceneManifest_Generation = YES;
				INFOPLIST_KEY_UIApplicationSupportsIndirectInputEvents = YES;
				INFOPLIST_KEY_UILaunchScreen_Generation = YES;
				INFOPLIST_KEY_UISupportedInterfaceOrientations_iPad = "UIInterfaceOrientationPortrait UIInterfaceOrientationPortraitUpsideDown UIInterfaceOrientationLandscapeLeft UIInterfaceOrientationLandscapeRight";
				INFOPLIST_KEY_UISupportedInterfaceOrientations_iPhone = "UIInterfaceOrientationPortrait UIInterfaceOrientationLandscapeLeft UIInterfaceOrientationLandscapeRight";
				LD_RUNPATH_SEARCH_PATHS = (
					"$(inherited)",
					"@executable_path/Frameworks",
				);
				MARKETING_VERSION = 1.0;
				PRODUCT_BUNDLE_IDENTIFIER = com.shendkar.InfosysTask;
				PRODUCT_NAME = "$(TARGET_NAME)";
				SWIFT_EMIT_LOC_STRINGS = YES;
				SWIFT_VERSION = 5.0;
				TARGETED_DEVICE_FAMILY = "1,2";
			};
			name = Release;
		};
		FAD7E8252D53644000BE00A8 /* Debug */ = {
			isa = XCBuildConfiguration;
			buildSettings = {
				BUNDLE_LOADER = "$(TEST_HOST)";
				CODE_SIGN_STYLE = Automatic;
				CURRENT_PROJECT_VERSION = 1;
				GENERATE_INFOPLIST_FILE = YES;
				IPHONEOS_DEPLOYMENT_TARGET = 18.1;
				MARKETING_VERSION = 1.0;
				PRODUCT_BUNDLE_IDENTIFIER = com.shendkar.InfosysTaskTests;
				PRODUCT_NAME = "$(TARGET_NAME)";
				SWIFT_EMIT_LOC_STRINGS = NO;
				SWIFT_VERSION = 5.0;
				TARGETED_DEVICE_FAMILY = "1,2";
				TEST_HOST = "$(BUILT_PRODUCTS_DIR)/InfosysTask.app/$(BUNDLE_EXECUTABLE_FOLDER_PATH)/InfosysTask";
			};
			name = Debug;
		};
		FAD7E8262D53644000BE00A8 /* Release */ = {
			isa = XCBuildConfiguration;
			buildSettings = {
				BUNDLE_LOADER = "$(TEST_HOST)";
				CODE_SIGN_STYLE = Automatic;
				CURRENT_PROJECT_VERSION = 1;
				GENERATE_INFOPLIST_FILE = YES;
				IPHONEOS_DEPLOYMENT_TARGET = 18.1;
				MARKETING_VERSION = 1.0;
				PRODUCT_BUNDLE_IDENTIFIER = com.shendkar.InfosysTaskTests;
				PRODUCT_NAME = "$(TARGET_NAME)";
				SWIFT_EMIT_LOC_STRINGS = NO;
				SWIFT_VERSION = 5.0;
				TARGETED_DEVICE_FAMILY = "1,2";
				TEST_HOST = "$(BUILT_PRODUCTS_DIR)/InfosysTask.app/$(BUNDLE_EXECUTABLE_FOLDER_PATH)/InfosysTask";
			};
			name = Release;
		};
		FAD7E8282D53644000BE00A8 /* Debug */ = {
			isa = XCBuildConfiguration;
			buildSettings = {
				CODE_SIGN_STYLE = Automatic;
				CURRENT_PROJECT_VERSION = 1;
				GENERATE_INFOPLIST_FILE = YES;
				MARKETING_VERSION = 1.0;
				PRODUCT_BUNDLE_IDENTIFIER = com.shendkar.InfosysTaskUITests;
				PRODUCT_NAME = "$(TARGET_NAME)";
				SWIFT_EMIT_LOC_STRINGS = NO;
				SWIFT_VERSION = 5.0;
				TARGETED_DEVICE_FAMILY = "1,2";
				TEST_TARGET_NAME = InfosysTask;
			};
			name = Debug;
		};
		FAD7E8292D53644000BE00A8 /* Release */ = {
			isa = XCBuildConfiguration;
			buildSettings = {
				CODE_SIGN_STYLE = Automatic;
				CURRENT_PROJECT_VERSION = 1;
				GENERATE_INFOPLIST_FILE = YES;
				MARKETING_VERSION = 1.0;
				PRODUCT_BUNDLE_IDENTIFIER = com.shendkar.InfosysTaskUITests;
				PRODUCT_NAME = "$(TARGET_NAME)";
				SWIFT_EMIT_LOC_STRINGS = NO;
				SWIFT_VERSION = 5.0;
				TARGETED_DEVICE_FAMILY = "1,2";
				TEST_TARGET_NAME = InfosysTask;
			};
			name = Release;
		};
/* End XCBuildConfiguration section */

/* Begin XCConfigurationList section */
		FAD7E7F82D53643D00BE00A8 /* Build configuration list for PBXProject "InfosysTask" */ = {
			isa = XCConfigurationList;
			buildConfigurations = (
				FAD7E81F2D53644000BE00A8 /* Debug */,
				FAD7E8202D53644000BE00A8 /* Release */,
			);
			defaultConfigurationIsVisible = 0;
			defaultConfigurationName = Release;
		};
		FAD7E8212D53644000BE00A8 /* Build configuration list for PBXNativeTarget "InfosysTask" */ = {
			isa = XCConfigurationList;
			buildConfigurations = (
				FAD7E8222D53644000BE00A8 /* Debug */,
				FAD7E8232D53644000BE00A8 /* Release */,
			);
			defaultConfigurationIsVisible = 0;
			defaultConfigurationName = Release;
		};
		FAD7E8242D53644000BE00A8 /* Build configuration list for PBXNativeTarget "InfosysTaskTests" */ = {
			isa = XCConfigurationList;
			buildConfigurations = (
				FAD7E8252D53644000BE00A8 /* Debug */,
				FAD7E8262D53644000BE00A8 /* Release */,
			);
			defaultConfigurationIsVisible = 0;
			defaultConfigurationName = Release;
		};
		FAD7E8272D53644000BE00A8 /* Build configuration list for PBXNativeTarget "InfosysTaskUITests" */ = {
			isa = XCConfigurationList;
			buildConfigurations = (
				FAD7E8282D53644000BE00A8 /* Debug */,
				FAD7E8292D53644000BE00A8 /* Release */,
			);
			defaultConfigurationIsVisible = 0;
			defaultConfigurationName = Release;
		};
/* End XCConfigurationList section */
	};
	rootObject = FAD7E7F52D53643D00BE00A8 /* Project object */;
}
