// !$*UTF8*$!
{
	archiveVersion = 1;
	classes = {
	};
	objectVersion = 56;
	objects = {

/* Begin PBXBuildFile section */
		FA5690C52D539DCE00E3E3AB /* CityListViewModel.swift in Sources */ = {isa = PBXBuildFile; fileRef = FA5690C42D539DCE00E3E3AB /* CityListViewModel.swift */; };
		FA5690C72D539ECF00E3E3AB /* City.swift in Sources */ = {isa = PBXBuildFile; fileRef = FA5690C62D539ECF00E3E3AB /* City.swift */; };
		FA5690C92D539F0200E3E3AB /* NetworkManger.swift in Sources */ = {isa = PBXBuildFile; fileRef = FA5690C82D539F0200E3E3AB /* NetworkManger.swift */; };
		FA5690CB2D539FC100E3E3AB /* Constants.swift in Sources */ = {isa = PBXBuildFile; fileRef = FA5690CA2D539FC100E3E3AB /* Constants.swift */; };
		FA5690CF2D53A13E00E3E3AB /* CityListView.swift in Sources */ = {isa = PBXBuildFile; fileRef = FA5690CE2D53A13E00E3E3AB /* CityListView.swift */; };
		FA5690D42D53A27C00E3E3AB /* au_cities.json in Resources */ = {isa = PBXBuildFile; fileRef = FA5690D32D53A27C00E3E3AB /* au_cities.json */; };
		FADDE7D02D539997007B08BB /* CityListViewModelTest.swift in Sources */ = {isa = PBXBuildFile; fileRef = FADDE7CF2D539996007B08BB /* CityListViewModelTest.swift */; };
		FADDE7D22D5399A8007B08BB /* CityLIstViewTest.swift in Sources */ = {isa = PBXBuildFile; fileRef = FADDE7D12D5399A8007B08BB /* CityLIstViewTest.swift */; };
		FAFD90832D53956000D6B030 /* InfosysTestApp.swift in Sources */ = {isa = PBXBuildFile; fileRef = FAFD90822D53956000D6B030 /* InfosysTestApp.swift */; };
		FAFD90872D53956300D6B030 /* Assets.xcassets in Resources */ = {isa = PBXBuildFile; fileRef = FAFD90862D53956300D6B030 /* Assets.xcassets */; };
		FAFD908A2D53956300D6B030 /* Preview Assets.xcassets in Resources */ = {isa = PBXBuildFile; fileRef = FAFD90892D53956300D6B030 /* Preview Assets.xcassets */; };
		FAFD90942D53956300D6B030 /* InfosysTestTests.swift in Sources */ = {isa = PBXBuildFile; fileRef = FAFD90932D53956300D6B030 /* InfosysTestTests.swift */; };
		FAFD909E2D53956300D6B030 /* InfosysTestUITests.swift in Sources */ = {isa = PBXBuildFile; fileRef = FAFD909D2D53956300D6B030 /* InfosysTestUITests.swift */; };
		FAFD90A02D53956300D6B030 /* InfosysTestUITestsLaunchTests.swift in Sources */ = {isa = PBXBuildFile; fileRef = FAFD909F2D53956300D6B030 /* InfosysTestUITestsLaunchTests.swift */; };
/* End PBXBuildFile section */

/* Begin PBXContainerItemProxy section */
		FAFD90902D53956300D6B030 /* PBXContainerItemProxy */ = {
			isa = PBXContainerItemProxy;
			containerPortal = FAFD90772D53956000D6B030 /* Project object */;
			proxyType = 1;
			remoteGlobalIDString = FAFD907E2D53956000D6B030;
			remoteInfo = InfosysTest;
		};
		FAFD909A2D53956300D6B030 /* PBXContainerItemProxy */ = {
			isa = PBXContainerItemProxy;
			containerPortal = FAFD90772D53956000D6B030 /* Project object */;
			proxyType = 1;
			remoteGlobalIDString = FAFD907E2D53956000D6B030;
			remoteInfo = InfosysTest;
		};
/* End PBXContainerItemProxy section */

/* Begin PBXFileReference section */
		FA5690C42D539DCE00E3E3AB /* CityListViewModel.swift */ = {isa = PBXFileReference; lastKnownFileType = sourcecode.swift; path = CityListViewModel.swift; sourceTree = "<group>"; };
		FA5690C62D539ECF00E3E3AB /* City.swift */ = {isa = PBXFileReference; lastKnownFileType = sourcecode.swift; path = City.swift; sourceTree = "<group>"; };
		FA5690C82D539F0200E3E3AB /* NetworkManger.swift */ = {isa = PBXFileReference; lastKnownFileType = sourcecode.swift; path = NetworkManger.swift; sourceTree = "<group>"; };
		FA5690CA2D539FC100E3E3AB /* Constants.swift */ = {isa = PBXFileReference; lastKnownFileType = sourcecode.swift; path = Constants.swift; sourceTree = "<group>"; };
		FA5690CE2D53A13E00E3E3AB /* CityListView.swift */ = {isa = PBXFileReference; fileEncoding = 4; lastKnownFileType = sourcecode.swift; path = CityListView.swift; sourceTree = "<group>"; };
		FA5690D32D53A27C00E3E3AB /* au_cities.json */ = {isa = PBXFileReference; fileEncoding = 4; lastKnownFileType = text.json; path = au_cities.json; sourceTree = "<group>"; };
		FADDE7CF2D539996007B08BB /* CityListViewModelTest.swift */ = {isa = PBXFileReference; fileEncoding = 4; lastKnownFileType = sourcecode.swift; path = CityListViewModelTest.swift; sourceTree = "<group>"; };
		FADDE7D12D5399A8007B08BB /* CityLIstViewTest.swift */ = {isa = PBXFileReference; fileEncoding = 4; lastKnownFileType = sourcecode.swift; path = CityLIstViewTest.swift; sourceTree = "<group>"; };
		FAFD907F2D53956000D6B030 /* InfosysTest.app */ = {isa = PBXFileReference; explicitFileType = wrapper.application; includeInIndex = 0; path = InfosysTest.app; sourceTree = BUILT_PRODUCTS_DIR; };
		FAFD90822D53956000D6B030 /* InfosysTestApp.swift */ = {isa = PBXFileReference; lastKnownFileType = sourcecode.swift; path = InfosysTestApp.swift; sourceTree = "<group>"; };
		FAFD90862D53956300D6B030 /* Assets.xcassets */ = {isa = PBXFileReference; lastKnownFileType = folder.assetcatalog; path = Assets.xcassets; sourceTree = "<group>"; };
		FAFD90892D53956300D6B030 /* Preview Assets.xcassets */ = {isa = PBXFileReference; lastKnownFileType = folder.assetcatalog; path = "Preview Assets.xcassets"; sourceTree = "<group>"; };
		FAFD908F2D53956300D6B030 /* InfosysTestTests.xctest */ = {isa = PBXFileReference; explicitFileType = wrapper.cfbundle; includeInIndex = 0; path = InfosysTestTests.xctest; sourceTree = BUILT_PRODUCTS_DIR; };
		FAFD90932D53956300D6B030 /* InfosysTestTests.swift */ = {isa = PBXFileReference; lastKnownFileType = sourcecode.swift; path = InfosysTestTests.swift; sourceTree = "<group>"; };
		FAFD90992D53956300D6B030 /* InfosysTestUITests.xctest */ = {isa = PBXFileReference; explicitFileType = wrapper.cfbundle; includeInIndex = 0; path = InfosysTestUITests.xctest; sourceTree = BUILT_PRODUCTS_DIR; };
		FAFD909D2D53956300D6B030 /* InfosysTestUITests.swift */ = {isa = PBXFileReference; lastKnownFileType = sourcecode.swift; path = InfosysTestUITests.swift; sourceTree = "<group>"; };
		FAFD909F2D53956300D6B030 /* InfosysTestUITestsLaunchTests.swift */ = {isa = PBXFileReference; lastKnownFileType = sourcecode.swift; path = InfosysTestUITestsLaunchTests.swift; sourceTree = "<group>"; };
/* End PBXFileReference section */

/* Begin PBXFrameworksBuildPhase section */
		FAFD907C2D53956000D6B030 /* Frameworks */ = {
			isa = PBXFrameworksBuildPhase;
			buildActionMask = 2147483647;
			files = (
			);
			runOnlyForDeploymentPostprocessing = 0;
		};
		FAFD908C2D53956300D6B030 /* Frameworks */ = {
			isa = PBXFrameworksBuildPhase;
			buildActionMask = 2147483647;
			files = (
			);
			runOnlyForDeploymentPostprocessing = 0;
		};
		FAFD90962D53956300D6B030 /* Frameworks */ = {
			isa = PBXFrameworksBuildPhase;
			buildActionMask = 2147483647;
			files = (
			);
			runOnlyForDeploymentPostprocessing = 0;
		};
/* End PBXFrameworksBuildPhase section */

/* Begin PBXGroup section */
		FA5690D52D53A2D400E3E3AB /* View */ = {
			isa = PBXGroup;
			children = (
				FA5690CE2D53A13E00E3E3AB /* CityListView.swift */,
			);
			path = View;
			sourceTree = "<group>";
		};
		FA5690D62D53A2EF00E3E3AB /* ViewModel */ = {
			isa = PBXGroup;
			children = (
				FA5690C42D539DCE00E3E3AB /* CityListViewModel.swift */,
			);
			path = ViewModel;
			sourceTree = "<group>";
		};
		FA5690D72D53A2FB00E3E3AB /* Model */ = {
			isa = PBXGroup;
			children = (
				FA5690C62D539ECF00E3E3AB /* City.swift */,
			);
			path = Model;
			sourceTree = "<group>";
		};
		FA5690D82D53A32700E3E3AB /* Utilites */ = {
			isa = PBXGroup;
			children = (
				FA5690C82D539F0200E3E3AB /* NetworkManger.swift */,
				FA5690CA2D539FC100E3E3AB /* Constants.swift */,
			);
			path = Utilites;
			sourceTree = "<group>";
		};
		FAFD90762D53956000D6B030 = {
			isa = PBXGroup;
			children = (
				FAFD90812D53956000D6B030 /* InfosysTest */,
				FAFD90922D53956300D6B030 /* InfosysTestTests */,
				FAFD909C2D53956300D6B030 /* InfosysTestUITests */,
				FAFD90802D53956000D6B030 /* Products */,
			);
			sourceTree = "<group>";
		};
		FAFD90802D53956000D6B030 /* Products */ = {
			isa = PBXGroup;
			children = (
				FAFD907F2D53956000D6B030 /* InfosysTest.app */,
				FAFD908F2D53956300D6B030 /* InfosysTestTests.xctest */,
				FAFD90992D53956300D6B030 /* InfosysTestUITests.xctest */,
			);
			name = Products;
			sourceTree = "<group>";
		};
		FAFD90812D53956000D6B030 /* InfosysTest */ = {
			isa = PBXGroup;
			children = (
				FA5690D82D53A32700E3E3AB /* Utilites */,
				FA5690D72D53A2FB00E3E3AB /* Model */,
				FA5690D62D53A2EF00E3E3AB /* ViewModel */,
				FA5690D52D53A2D400E3E3AB /* View */,
				FA5690D32D53A27C00E3E3AB /* au_cities.json */,
				FAFD90822D53956000D6B030 /* InfosysTestApp.swift */,
				FAFD90862D53956300D6B030 /* Assets.xcassets */,
				FAFD90882D53956300D6B030 /* Preview Content */,
			);
			path = InfosysTest;
			sourceTree = "<group>";
		};
		FAFD90882D53956300D6B030 /* Preview Content */ = {
			isa = PBXGroup;
			children = (
				FAFD90892D53956300D6B030 /* Preview Assets.xcassets */,
			);
			path = "Preview Content";
			sourceTree = "<group>";
		};
		FAFD90922D53956300D6B030 /* InfosysTestTests */ = {
			isa = PBXGroup;
			children = (
				FADDE7CF2D539996007B08BB /* CityListViewModelTest.swift */,
				FAFD90932D53956300D6B030 /* InfosysTestTests.swift */,
			);
			path = InfosysTestTests;
			sourceTree = "<group>";
		};
		FAFD909C2D53956300D6B030 /* InfosysTestUITests */ = {
			isa = PBXGroup;
			children = (
				FADDE7D12D5399A8007B08BB /* CityLIstViewTest.swift */,
				FAFD909D2D53956300D6B030 /* InfosysTestUITests.swift */,
				FAFD909F2D53956300D6B030 /* InfosysTestUITestsLaunchTests.swift */,
			);
			path = InfosysTestUITests;
			sourceTree = "<group>";
		};
/* End PBXGroup section */

/* Begin PBXNativeTarget section */
		FAFD907E2D53956000D6B030 /* InfosysTest */ = {
			isa = PBXNativeTarget;
			buildConfigurationList = FAFD90A32D53956300D6B030 /* Build configuration list for PBXNativeTarget "InfosysTest" */;
			buildPhases = (
				FAFD907B2D53956000D6B030 /* Sources */,
				FAFD907C2D53956000D6B030 /* Frameworks */,
				FAFD907D2D53956000D6B030 /* Resources */,
			);
			buildRules = (
			);
			dependencies = (
			);
			name = InfosysTest;
			productName = InfosysTest;
			productReference = FAFD907F2D53956000D6B030 /* InfosysTest.app */;
			productType = "com.apple.product-type.application";
		};
		FAFD908E2D53956300D6B030 /* InfosysTestTests */ = {
			isa = PBXNativeTarget;
			buildConfigurationList = FAFD90A62D53956300D6B030 /* Build configuration list for PBXNativeTarget "InfosysTestTests" */;
			buildPhases = (
				FAFD908B2D53956300D6B030 /* Sources */,
				FAFD908C2D53956300D6B030 /* Frameworks */,
				FAFD908D2D53956300D6B030 /* Resources */,
			);
			buildRules = (
			);
			dependencies = (
				FAFD90912D53956300D6B030 /* PBXTargetDependency */,
			);
			name = InfosysTestTests;
			productName = InfosysTestTests;
			productReference = FAFD908F2D53956300D6B030 /* InfosysTestTests.xctest */;
			productType = "com.apple.product-type.bundle.unit-test";
		};
		FAFD90982D53956300D6B030 /* InfosysTestUITests */ = {
			isa = PBXNativeTarget;
			buildConfigurationList = FAFD90A92D53956300D6B030 /* Build configuration list for PBXNativeTarget "InfosysTestUITests" */;
			buildPhases = (
				FAFD90952D53956300D6B030 /* Sources */,
				FAFD90962D53956300D6B030 /* Frameworks */,
				FAFD90972D53956300D6B030 /* Resources */,
			);
			buildRules = (
			);
			dependencies = (
				FAFD909B2D53956300D6B030 /* PBXTargetDependency */,
			);
			name = InfosysTestUITests;
			productName = InfosysTestUITests;
			productReference = FAFD90992D53956300D6B030 /* InfosysTestUITests.xctest */;
			productType = "com.apple.product-type.bundle.ui-testing";
		};
/* End PBXNativeTarget section */

/* Begin PBXProject section */
		FAFD90772D53956000D6B030 /* Project object */ = {
			isa = PBXProject;
			attributes = {
				BuildIndependentTargetsInParallel = 1;
				LastSwiftUpdateCheck = 1510;
				LastUpgradeCheck = 1510;
				TargetAttributes = {
					FAFD907E2D53956000D6B030 = {
						CreatedOnToolsVersion = 15.1;
					};
					FAFD908E2D53956300D6B030 = {
						CreatedOnToolsVersion = 15.1;
						TestTargetID = FAFD907E2D53956000D6B030;
					};
					FAFD90982D53956300D6B030 = {
						CreatedOnToolsVersion = 15.1;
						TestTargetID = FAFD907E2D53956000D6B030;
					};
				};
			};
			buildConfigurationList = FAFD907A2D53956000D6B030 /* Build configuration list for PBXProject "InfosysTest" */;
			compatibilityVersion = "Xcode 14.0";
			developmentRegion = en;
			hasScannedForEncodings = 0;
			knownRegions = (
				en,
				Base,
			);
			mainGroup = FAFD90762D53956000D6B030;
			productRefGroup = FAFD90802D53956000D6B030 /* Products */;
			projectDirPath = "";
			projectRoot = "";
			targets = (
				FAFD907E2D53956000D6B030 /* InfosysTest */,
				FAFD908E2D53956300D6B030 /* InfosysTestTests */,
				FAFD90982D53956300D6B030 /* InfosysTestUITests */,
			);
		};
/* End PBXProject section */

/* Begin PBXResourcesBuildPhase section */
		FAFD907D2D53956000D6B030 /* Resources */ = {
			isa = PBXResourcesBuildPhase;
			buildActionMask = 2147483647;
			files = (
				FA5690D42D53A27C00E3E3AB /* au_cities.json in Resources */,
				FAFD908A2D53956300D6B030 /* Preview Assets.xcassets in Resources */,
				FAFD90872D53956300D6B030 /* Assets.xcassets in Resources */,
			);
			runOnlyForDeploymentPostprocessing = 0;
		};
		FAFD908D2D53956300D6B030 /* Resources */ = {
			isa = PBXResourcesBuildPhase;
			buildActionMask = 2147483647;
			files = (
			);
			runOnlyForDeploymentPostprocessing = 0;
		};
		FAFD90972D53956300D6B030 /* Resources */ = {
			isa = PBXResourcesBuildPhase;
			buildActionMask = 2147483647;
			files = (
			);
			runOnlyForDeploymentPostprocessing = 0;
		};
/* End PBXResourcesBuildPhase section */

/* Begin PBXSourcesBuildPhase section */
		FAFD907B2D53956000D6B030 /* Sources */ = {
			isa = PBXSourcesBuildPhase;
			buildActionMask = 2147483647;
			files = (
				FA5690C92D539F0200E3E3AB /* NetworkManger.swift in Sources */,
				FA5690C72D539ECF00E3E3AB /* City.swift in Sources */,
				FA5690CF2D53A13E00E3E3AB /* CityListView.swift in Sources */,
				FA5690CB2D539FC100E3E3AB /* Constants.swift in Sources */,
				FAFD90832D53956000D6B030 /* InfosysTestApp.swift in Sources */,
				FA5690C52D539DCE00E3E3AB /* CityListViewModel.swift in Sources */,
			);
			runOnlyForDeploymentPostprocessing = 0;
		};
		FAFD908B2D53956300D6B030 /* Sources */ = {
			isa = PBXSourcesBuildPhase;
			buildActionMask = 2147483647;
			files = (
				FAFD90942D53956300D6B030 /* InfosysTestTests.swift in Sources */,
				FADDE7D02D539997007B08BB /* CityListViewModelTest.swift in Sources */,
			);
			runOnlyForDeploymentPostprocessing = 0;
		};
		FAFD90952D53956300D6B030 /* Sources */ = {
			isa = PBXSourcesBuildPhase;
			buildActionMask = 2147483647;
			files = (
				FADDE7D22D5399A8007B08BB /* CityLIstViewTest.swift in Sources */,
				FAFD90A02D53956300D6B030 /* InfosysTestUITestsLaunchTests.swift in Sources */,
				FAFD909E2D53956300D6B030 /* InfosysTestUITests.swift in Sources */,
			);
			runOnlyForDeploymentPostprocessing = 0;
		};
/* End PBXSourcesBuildPhase section */

/* Begin PBXTargetDependency section */
		FAFD90912D53956300D6B030 /* PBXTargetDependency */ = {
			isa = PBXTargetDependency;
			target = FAFD907E2D53956000D6B030 /* InfosysTest */;
			targetProxy = FAFD90902D53956300D6B030 /* PBXContainerItemProxy */;
		};
		FAFD909B2D53956300D6B030 /* PBXTargetDependency */ = {
			isa = PBXTargetDependency;
			target = FAFD907E2D53956000D6B030 /* InfosysTest */;
			targetProxy = FAFD909A2D53956300D6B030 /* PBXContainerItemProxy */;
		};
/* End PBXTargetDependency section */

/* Begin XCBuildConfiguration section */
		FAFD90A12D53956300D6B030 /* Debug */ = {
			isa = XCBuildConfiguration;
			buildSettings = {
				ALWAYS_SEARCH_USER_PATHS = NO;
				ASSETCATALOG_COMPILER_GENERATE_SWIFT_ASSET_SYMBOL_EXTENSIONS = YES;
				CLANG_ANALYZER_NONNULL = YES;
				CLANG_ANALYZER_NUMBER_OBJECT_CONVERSION = YES_AGGRESSIVE;
				CLANG_CXX_LANGUAGE_STANDARD = "gnu++20";
				CLANG_ENABLE_MODULES = YES;
				CLANG_ENABLE_OBJC_ARC = YES;
				CLANG_ENABLE_OBJC_WEAK = YES;
				CLANG_WARN_BLOCK_CAPTURE_AUTORELEASING = YES;
				CLANG_WARN_BOOL_CONVERSION = YES;
				CLANG_WARN_COMMA = YES;
				CLANG_WARN_CONSTANT_CONVERSION = YES;
				CLANG_WARN_DEPRECATED_OBJC_IMPLEMENTATIONS = YES;
				CLANG_WARN_DIRECT_OBJC_ISA_USAGE = YES_ERROR;
				CLANG_WARN_DOCUMENTATION_COMMENTS = YES;
				CLANG_WARN_EMPTY_BODY = YES;
				CLANG_WARN_ENUM_CONVERSION = YES;
				CLANG_WARN_INFINITE_RECURSION = YES;
				CLANG_WARN_INT_CONVERSION = YES;
				CLANG_WARN_NON_LITERAL_NULL_CONVERSION = YES;
				CLANG_WARN_OBJC_IMPLICIT_RETAIN_SELF = YES;
				CLANG_WARN_OBJC_LITERAL_CONVERSION = YES;
				CLANG_WARN_OBJC_ROOT_CLASS = YES_ERROR;
				CLANG_WARN_QUOTED_INCLUDE_IN_FRAMEWORK_HEADER = YES;
				CLANG_WARN_RANGE_LOOP_ANALYSIS = YES;
				CLANG_WARN_STRICT_PROTOTYPES = YES;
				CLANG_WARN_SUSPICIOUS_MOVE = YES;
				CLANG_WARN_UNGUARDED_AVAILABILITY = YES_AGGRESSIVE;
				CLANG_WARN_UNREACHABLE_CODE = YES;
				CLANG_WARN__DUPLICATE_METHOD_MATCH = YES;
				COPY_PHASE_STRIP = NO;
				DEBUG_INFORMATION_FORMAT = dwarf;
				ENABLE_STRICT_OBJC_MSGSEND = YES;
				ENABLE_TESTABILITY = YES;
				ENABLE_USER_SCRIPT_SANDBOXING = YES;
				GCC_C_LANGUAGE_STANDARD = gnu17;
				GCC_DYNAMIC_NO_PIC = NO;
				GCC_NO_COMMON_BLOCKS = YES;
				GCC_OPTIMIZATION_LEVEL = 0;
				GCC_PREPROCESSOR_DEFINITIONS = (
					"DEBUG=1",
					"$(inherited)",
				);
				GCC_WARN_64_TO_32_BIT_CONVERSION = YES;
				GCC_WARN_ABOUT_RETURN_TYPE = YES_ERROR;
				GCC_WARN_UNDECLARED_SELECTOR = YES;
				GCC_WARN_UNINITIALIZED_AUTOS = YES_AGGRESSIVE;
				GCC_WARN_UNUSED_FUNCTION = YES;
				GCC_WARN_UNUSED_VARIABLE = YES;
				IPHONEOS_DEPLOYMENT_TARGET = 17.2;
				LOCALIZATION_PREFERS_STRING_CATALOGS = YES;
				MTL_ENABLE_DEBUG_INFO = INCLUDE_SOURCE;
				MTL_FAST_MATH = YES;
				ONLY_ACTIVE_ARCH = YES;
				SDKROOT = iphoneos;
				SWIFT_ACTIVE_COMPILATION_CONDITIONS = "DEBUG $(inherited)";
				SWIFT_OPTIMIZATION_LEVEL = "-Onone";
			};
			name = Debug;
		};
		FAFD90A22D53956300D6B030 /* Release */ = {
			isa = XCBuildConfiguration;
			buildSettings = {
				ALWAYS_SEARCH_USER_PATHS = NO;
				ASSETCATALOG_COMPILER_GENERATE_SWIFT_ASSET_SYMBOL_EXTENSIONS = YES;
				CLANG_ANALYZER_NONNULL = YES;
				CLANG_ANALYZER_NUMBER_OBJECT_CONVERSION = YES_AGGRESSIVE;
				CLANG_CXX_LANGUAGE_STANDARD = "gnu++20";
				CLANG_ENABLE_MODULES = YES;
				CLANG_ENABLE_OBJC_ARC = YES;
				CLANG_ENABLE_OBJC_WEAK = YES;
				CLANG_WARN_BLOCK_CAPTURE_AUTORELEASING = YES;
				CLANG_WARN_BOOL_CONVERSION = YES;
				CLANG_WARN_COMMA = YES;
				CLANG_WARN_CONSTANT_CONVERSION = YES;
				CLANG_WARN_DEPRECATED_OBJC_IMPLEMENTATIONS = YES;
				CLANG_WARN_DIRECT_OBJC_ISA_USAGE = YES_ERROR;
				CLANG_WARN_DOCUMENTATION_COMMENTS = YES;
				CLANG_WARN_EMPTY_BODY = YES;
				CLANG_WARN_ENUM_CONVERSION = YES;
				CLANG_WARN_INFINITE_RECURSION = YES;
				CLANG_WARN_INT_CONVERSION = YES;
				CLANG_WARN_NON_LITERAL_NULL_CONVERSION = YES;
				CLANG_WARN_OBJC_IMPLICIT_RETAIN_SELF = YES;
				CLANG_WARN_OBJC_LITERAL_CONVERSION = YES;
				CLANG_WARN_OBJC_ROOT_CLASS = YES_ERROR;
				CLANG_WARN_QUOTED_INCLUDE_IN_FRAMEWORK_HEADER = YES;
				CLANG_WARN_RANGE_LOOP_ANALYSIS = YES;
				CLANG_WARN_STRICT_PROTOTYPES = YES;
				CLANG_WARN_SUSPICIOUS_MOVE = YES;
				CLANG_WARN_UNGUARDED_AVAILABILITY = YES_AGGRESSIVE;
				CLANG_WARN_UNREACHABLE_CODE = YES;
				CLANG_WARN__DUPLICATE_METHOD_MATCH = YES;
				COPY_PHASE_STRIP = NO;
				DEBUG_INFORMATION_FORMAT = "dwarf-with-dsym";
				ENABLE_NS_ASSERTIONS = NO;
				ENABLE_STRICT_OBJC_MSGSEND = YES;
				ENABLE_USER_SCRIPT_SANDBOXING = YES;
				GCC_C_LANGUAGE_STANDARD = gnu17;
				GCC_NO_COMMON_BLOCKS = YES;
				GCC_WARN_64_TO_32_BIT_CONVERSION = YES;
				GCC_WARN_ABOUT_RETURN_TYPE = YES_ERROR;
				GCC_WARN_UNDECLARED_SELECTOR = YES;
				GCC_WARN_UNINITIALIZED_AUTOS = YES_AGGRESSIVE;
				GCC_WARN_UNUSED_FUNCTION = YES;
				GCC_WARN_UNUSED_VARIABLE = YES;
				IPHONEOS_DEPLOYMENT_TARGET = 17.2;
				LOCALIZATION_PREFERS_STRING_CATALOGS = YES;
				MTL_ENABLE_DEBUG_INFO = NO;
				MTL_FAST_MATH = YES;
				SDKROOT = iphoneos;
				SWIFT_COMPILATION_MODE = wholemodule;
				VALIDATE_PRODUCT = YES;
			};
			name = Release;
		};
		FAFD90A42D53956300D6B030 /* Debug */ = {
			isa = XCBuildConfiguration;
			buildSettings = {
				ASSETCATALOG_COMPILER_APPICON_NAME = AppIcon;
				ASSETCATALOG_COMPILER_GLOBAL_ACCENT_COLOR_NAME = AccentColor;
				CODE_SIGN_STYLE = Automatic;
				CURRENT_PROJECT_VERSION = 1;
				DEVELOPMENT_ASSET_PATHS = "\"InfosysTest/Preview Content\"";
				ENABLE_PREVIEWS = YES;
				GENERATE_INFOPLIST_FILE = YES;
				INFOPLIST_KEY_UIApplicationSceneManifest_Generation = YES;
				INFOPLIST_KEY_UIApplicationSupportsIndirectInputEvents = YES;
				INFOPLIST_KEY_UILaunchScreen_Generation = YES;
				INFOPLIST_KEY_UISupportedInterfaceOrientations_iPad = "UIInterfaceOrientationPortrait UIInterfaceOrientationPortraitUpsideDown UIInterfaceOrientationLandscapeLeft UIInterfaceOrientationLandscapeRight";
				INFOPLIST_KEY_UISupportedInterfaceOrientations_iPhone = "UIInterfaceOrientationPortrait UIInterfaceOrientationLandscapeLeft UIInterfaceOrientationLandscapeRight";
				LD_RUNPATH_SEARCH_PATHS = (
					"$(inherited)",
					"@executable_path/Frameworks",
				);
				MARKETING_VERSION = 1.0;
				PRODUCT_BUNDLE_IDENTIFIER = com.shendkar.InfosysTest;
				PRODUCT_NAME = "$(TARGET_NAME)";
				SWIFT_EMIT_LOC_STRINGS = YES;
				SWIFT_VERSION = 5.0;
				TARGETED_DEVICE_FAMILY = "1,2";
			};
			name = Debug;
		};
		FAFD90A52D53956300D6B030 /* Release */ = {
			isa = XCBuildConfiguration;
			buildSettings = {
				ASSETCATALOG_COMPILER_APPICON_NAME = AppIcon;
				ASSETCATALOG_COMPILER_GLOBAL_ACCENT_COLOR_NAME = AccentColor;
				CODE_SIGN_STYLE = Automatic;
				CURRENT_PROJECT_VERSION = 1;
				DEVELOPMENT_ASSET_PATHS = "\"InfosysTest/Preview Content\"";
				ENABLE_PREVIEWS = YES;
				GENERATE_INFOPLIST_FILE = YES;
				INFOPLIST_KEY_UIApplicationSceneManifest_Generation = YES;
				INFOPLIST_KEY_UIApplicationSupportsIndirectInputEvents = YES;
				INFOPLIST_KEY_UILaunchScreen_Generation = YES;
				INFOPLIST_KEY_UISupportedInterfaceOrientations_iPad = "UIInterfaceOrientationPortrait UIInterfaceOrientationPortraitUpsideDown UIInterfaceOrientationLandscapeLeft UIInterfaceOrientationLandscapeRight";
				INFOPLIST_KEY_UISupportedInterfaceOrientations_iPhone = "UIInterfaceOrientationPortrait UIInterfaceOrientationLandscapeLeft UIInterfaceOrientationLandscapeRight";
				LD_RUNPATH_SEARCH_PATHS = (
					"$(inherited)",
					"@executable_path/Frameworks",
				);
				MARKETING_VERSION = 1.0;
				PRODUCT_BUNDLE_IDENTIFIER = com.shendkar.InfosysTest;
				PRODUCT_NAME = "$(TARGET_NAME)";
				SWIFT_EMIT_LOC_STRINGS = YES;
				SWIFT_VERSION = 5.0;
				TARGETED_DEVICE_FAMILY = "1,2";
			};
			name = Release;
		};
		FAFD90A72D53956300D6B030 /* Debug */ = {
			isa = XCBuildConfiguration;
			buildSettings = {
				ALWAYS_EMBED_SWIFT_STANDARD_LIBRARIES = YES;
				BUNDLE_LOADER = "$(TEST_HOST)";
				CODE_SIGN_STYLE = Automatic;
				CURRENT_PROJECT_VERSION = 1;
				GENERATE_INFOPLIST_FILE = YES;
				IPHONEOS_DEPLOYMENT_TARGET = 17.2;
				MARKETING_VERSION = 1.0;
				PRODUCT_BUNDLE_IDENTIFIER = com.shendkar.InfosysTestTests;
				PRODUCT_NAME = "$(TARGET_NAME)";
				SWIFT_EMIT_LOC_STRINGS = NO;
				SWIFT_VERSION = 5.0;
				TARGETED_DEVICE_FAMILY = "1,2";
				TEST_HOST = "$(BUILT_PRODUCTS_DIR)/InfosysTest.app/$(BUNDLE_EXECUTABLE_FOLDER_PATH)/InfosysTest";
			};
			name = Debug;
		};
		FAFD90A82D53956300D6B030 /* Release */ = {
			isa = XCBuildConfiguration;
			buildSettings = {
				ALWAYS_EMBED_SWIFT_STANDARD_LIBRARIES = YES;
				BUNDLE_LOADER = "$(TEST_HOST)";
				CODE_SIGN_STYLE = Automatic;
				CURRENT_PROJECT_VERSION = 1;
				GENERATE_INFOPLIST_FILE = YES;
				IPHONEOS_DEPLOYMENT_TARGET = 17.2;
				MARKETING_VERSION = 1.0;
				PRODUCT_BUNDLE_IDENTIFIER = com.shendkar.InfosysTestTests;
				PRODUCT_NAME = "$(TARGET_NAME)";
				SWIFT_EMIT_LOC_STRINGS = NO;
				SWIFT_VERSION = 5.0;
				TARGETED_DEVICE_FAMILY = "1,2";
				TEST_HOST = "$(BUILT_PRODUCTS_DIR)/InfosysTest.app/$(BUNDLE_EXECUTABLE_FOLDER_PATH)/InfosysTest";
			};
			name = Release;
		};
		FAFD90AA2D53956300D6B030 /* Debug */ = {
			isa = XCBuildConfiguration;
			buildSettings = {
				ALWAYS_EMBED_SWIFT_STANDARD_LIBRARIES = YES;
				CODE_SIGN_STYLE = Automatic;
				CURRENT_PROJECT_VERSION = 1;
				GENERATE_INFOPLIST_FILE = YES;
				MARKETING_VERSION = 1.0;
				PRODUCT_BUNDLE_IDENTIFIER = com.shendkar.InfosysTestUITests;
				PRODUCT_NAME = "$(TARGET_NAME)";
				SWIFT_EMIT_LOC_STRINGS = NO;
				SWIFT_VERSION = 5.0;
				TARGETED_DEVICE_FAMILY = "1,2";
				TEST_TARGET_NAME = InfosysTest;
			};
			name = Debug;
		};
		FAFD90AB2D53956300D6B030 /* Release */ = {
			isa = XCBuildConfiguration;
			buildSettings = {
				ALWAYS_EMBED_SWIFT_STANDARD_LIBRARIES = YES;
				CODE_SIGN_STYLE = Automatic;
				CURRENT_PROJECT_VERSION = 1;
				GENERATE_INFOPLIST_FILE = YES;
				MARKETING_VERSION = 1.0;
				PRODUCT_BUNDLE_IDENTIFIER = com.shendkar.InfosysTestUITests;
				PRODUCT_NAME = "$(TARGET_NAME)";
				SWIFT_EMIT_LOC_STRINGS = NO;
				SWIFT_VERSION = 5.0;
				TARGETED_DEVICE_FAMILY = "1,2";
				TEST_TARGET_NAME = InfosysTest;
			};
			name = Release;
		};
/* End XCBuildConfiguration section */

/* Begin XCConfigurationList section */
		FAFD907A2D53956000D6B030 /* Build configuration list for PBXProject "InfosysTest" */ = {
			isa = XCConfigurationList;
			buildConfigurations = (
				FAFD90A12D53956300D6B030 /* Debug */,
				FAFD90A22D53956300D6B030 /* Release */,
			);
			defaultConfigurationIsVisible = 0;
			defaultConfigurationName = Release;
		};
		FAFD90A32D53956300D6B030 /* Build configuration list for PBXNativeTarget "InfosysTest" */ = {
			isa = XCConfigurationList;
			buildConfigurations = (
				FAFD90A42D53956300D6B030 /* Debug */,
				FAFD90A52D53956300D6B030 /* Release */,
			);
			defaultConfigurationIsVisible = 0;
			defaultConfigurationName = Release;
		};
		FAFD90A62D53956300D6B030 /* Build configuration list for PBXNativeTarget "InfosysTestTests" */ = {
			isa = XCConfigurationList;
			buildConfigurations = (
				FAFD90A72D53956300D6B030 /* Debug */,
				FAFD90A82D53956300D6B030 /* Release */,
			);
			defaultConfigurationIsVisible = 0;
			defaultConfigurationName = Release;
		};
		FAFD90A92D53956300D6B030 /* Build configuration list for PBXNativeTarget "InfosysTestUITests" */ = {
			isa = XCConfigurationList;
			buildConfigurations = (
				FAFD90AA2D53956300D6B030 /* Debug */,
				FAFD90AB2D53956300D6B030 /* Release */,
			);
			defaultConfigurationIsVisible = 0;
			defaultConfigurationName = Release;
		};
/* End XCConfigurationList section */
	};
	rootObject = FAFD90772D53956000D6B030 /* Project object */;
}
